
Microsoft Visual Studio Solution File, Format Version 12.00
# Visual Studio 15
VisualStudioVersion = 15.0.28010.2026
MinimumVisualStudioVersion = 10.0.40219.1
Project("{FAE04EC0-301F-11D3-BF4B-00C04F79EFBC}") = "DESVisual", "DESVisual\DESVisual.csproj", "{BB608C8B-A54F-4756-9DD0-78FEA46D36AA}"
EndProject
Global
	GlobalSection(SolutionConfigurationPlatforms) = preSolution
		Debug|Any CPU = Debug|Any CPU
		Release|Any CPU = Release|Any CPU
	EndGlobalSection
	GlobalSection(ProjectConfigurationPlatforms) = postSolution
		{BB608C8B-A54F-4756-9DD0-78FEA46D36AA}.Debug|Any CPU.ActiveCfg = Debug|Any CPU
		{BB608C8B-A54F-4756-9DD0-78FEA46D36AA}.Debug|Any CPU.Build.0 = Debug|Any CPU
		{BB608C8B-A54F-4756-9DD0-78FEA46D36AA}.Release|Any CPU.ActiveCfg = Release|Any CPU
		{BB608C8B-A54F-4756-9DD0-78FEA46D36AA}.Release|Any CPU.Build.0 = Release|Any CPU
	EndGlobalSection
	GlobalSection(SolutionProperties) = preSolution
		HideSolutionNode = FALSE
	EndGlobalSection
	GlobalSection(ExtensibilityGlobals) = postSolution
		SolutionGuid = {06036D0C-F608-4394-9177-A955AD1F87D2}
	EndGlobalSection
EndGlobal
